
Microsoft Visual Studio Solution File, Format Version 12.00
# Visual Studio Version 17
VisualStudioVersion = 17.14.36518.9
MinimumVisualStudioVersion = 10.0.40219.1
Project("{FAE04EC0-301F-11D3-BF4B-00C04F79EFBC}") = "01_DersCS", "01_DersCS\01_DersCS.csproj", "{05214999-355C-4945-90E5-B9B1A529B24C}"
EndProject
Project("{FAE04EC0-301F-11D3-BF4B-00C04F79EFBC}") = "02_Variables", "02_Variables\02_Variables.csproj", "{624375FB-4BB5-4D9B-8CD8-E21A4F60D970}"
EndProject
Project("{FAE04EC0-301F-11D3-BF4B-00C04F79EFBC}") = "03_MakingDecision", "03_MakingDecision\03_MakingDecision.csproj", "{019ABC82-0788-43B6-AB6C-BA2B1D5DED41}"
EndProject
Project("{FAE04EC0-301F-11D3-BF4B-00C04F79EFBC}") = "04_Loops", "04_Loops\04_Loops.csproj", "{5A99DA5E-4493-4887-8F8F-DAD0464454BC}"
EndProject
Project("{FAE04EC0-301F-11D3-BF4B-00C04F79EFBC}") = "05_LoopsWithStars", "05_LoopsWithStars\05_LoopsWithStars.csproj", "{39CA67AC-27EE-4D49-9170-D3E0C467A587}"
EndProject
Project("{FAE04EC0-301F-11D3-BF4B-00C04F79EFBC}") = "06_Arrays", "06_Arrays\06_Arrays.csproj", "{D5FFB49B-A494-418C-81BA-D5157C9605FF}"
EndProject
Global
	GlobalSection(SolutionConfigurationPlatforms) = preSolution
		Debug|Any CPU = Debug|Any CPU
		Release|Any CPU = Release|Any CPU
	EndGlobalSection
	GlobalSection(ProjectConfigurationPlatforms) = postSolution
		{05214999-355C-4945-90E5-B9B1A529B24C}.Debug|Any CPU.ActiveCfg = Debug|Any CPU
		{05214999-355C-4945-90E5-B9B1A529B24C}.Debug|Any CPU.Build.0 = Debug|Any CPU
		{05214999-355C-4945-90E5-B9B1A529B24C}.Release|Any CPU.ActiveCfg = Release|Any CPU
		{05214999-355C-4945-90E5-B9B1A529B24C}.Release|Any CPU.Build.0 = Release|Any CPU
		{624375FB-4BB5-4D9B-8CD8-E21A4F60D970}.Debug|Any CPU.ActiveCfg = Debug|Any CPU
		{624375FB-4BB5-4D9B-8CD8-E21A4F60D970}.Debug|Any CPU.Build.0 = Debug|Any CPU
		{624375FB-4BB5-4D9B-8CD8-E21A4F60D970}.Release|Any CPU.ActiveCfg = Release|Any CPU
		{624375FB-4BB5-4D9B-8CD8-E21A4F60D970}.Release|Any CPU.Build.0 = Release|Any CPU
		{019ABC82-0788-43B6-AB6C-BA2B1D5DED41}.Debug|Any CPU.ActiveCfg = Debug|Any CPU
		{019ABC82-0788-43B6-AB6C-BA2B1D5DED41}.Debug|Any CPU.Build.0 = Debug|Any CPU
		{019ABC82-0788-43B6-AB6C-BA2B1D5DED41}.Release|Any CPU.ActiveCfg = Release|Any CPU
		{019ABC82-0788-43B6-AB6C-BA2B1D5DED41}.Release|Any CPU.Build.0 = Release|Any CPU
		{5A99DA5E-4493-4887-8F8F-DAD0464454BC}.Debug|Any CPU.ActiveCfg = Debug|Any CPU
		{5A99DA5E-4493-4887-8F8F-DAD0464454BC}.Debug|Any CPU.Build.0 = Debug|Any CPU
		{5A99DA5E-4493-4887-8F8F-DAD0464454BC}.Release|Any CPU.ActiveCfg = Release|Any CPU
		{5A99DA5E-4493-4887-8F8F-DAD0464454BC}.Release|Any CPU.Build.0 = Release|Any CPU
		{39CA67AC-27EE-4D49-9170-D3E0C467A587}.Debug|Any CPU.ActiveCfg = Debug|Any CPU
		{39CA67AC-27EE-4D49-9170-D3E0C467A587}.Debug|Any CPU.Build.0 = Debug|Any CPU
		{39CA67AC-27EE-4D49-9170-D3E0C467A587}.Release|Any CPU.ActiveCfg = Release|Any CPU
		{39CA67AC-27EE-4D49-9170-D3E0C467A587}.Release|Any CPU.Build.0 = Release|Any CPU
		{D5FFB49B-A494-418C-81BA-D5157C9605FF}.Debug|Any CPU.ActiveCfg = Debug|Any CPU
		{D5FFB49B-A494-418C-81BA-D5157C9605FF}.Debug|Any CPU.Build.0 = Debug|Any CPU
		{D5FFB49B-A494-418C-81BA-D5157C9605FF}.Release|Any CPU.ActiveCfg = Release|Any CPU
		{D5FFB49B-A494-418C-81BA-D5157C9605FF}.Release|Any CPU.Build.0 = Release|Any CPU
	EndGlobalSection
	GlobalSection(SolutionProperties) = preSolution
		HideSolutionNode = FALSE
	EndGlobalSection
	GlobalSection(ExtensibilityGlobals) = postSolution
		SolutionGuid = {ED0342C8-1571-4DDD-A57B-F70900A89794}
	EndGlobalSection
EndGlobal
